// !$*UTF8*$!
{
	archiveVersion = 1;
	classes = {
	};
	objectVersion = 56;
	objects = {

/* Begin PBXBuildFile section */
		63128D3729A64A160044077F /* AppDelegate.swift in Sources */ = {isa = PBXBuildFile; fileRef = 63128D3629A64A160044077F /* AppDelegate.swift */; };
		63128D3929A64A160044077F /* SceneDelegate.swift in Sources */ = {isa = PBXBuildFile; fileRef = 63128D3829A64A160044077F /* SceneDelegate.swift */; };
		63128D3B29A64A160044077F /* StartVC.swift in Sources */ = {isa = PBXBuildFile; fileRef = 63128D3A29A64A160044077F /* StartVC.swift */; };
		63128D3E29A64A160044077F /* Main.storyboard in Resources */ = {isa = PBXBuildFile; fileRef = 63128D3C29A64A160044077F /* Main.storyboard */; };
		63128D4029A64A190044077F /* Assets.xcassets in Resources */ = {isa = PBXBuildFile; fileRef = 63128D3F29A64A190044077F /* Assets.xcassets */; };
		63128D4329A64A190044077F /* LaunchScreen.storyboard in Resources */ = {isa = PBXBuildFile; fileRef = 63128D4129A64A190044077F /* LaunchScreen.storyboard */; };
		63128D5829A64A1B0044077F /* QuizGameUITests.swift in Sources */ = {isa = PBXBuildFile; fileRef = 63128D5729A64A1B0044077F /* QuizGameUITests.swift */; };
		63128D5A29A64A1B0044077F /* QuizGameUITestsLaunchTests.swift in Sources */ = {isa = PBXBuildFile; fileRef = 63128D5929A64A1B0044077F /* QuizGameUITestsLaunchTests.swift */; };
		63128D6829A660770044077F /* QuizModel.swift in Sources */ = {isa = PBXBuildFile; fileRef = 63128D6729A660770044077F /* QuizModel.swift */; };
		63128D6A29A662AC0044077F /* NetworkManager.swift in Sources */ = {isa = PBXBuildFile; fileRef = 63128D6929A662AC0044077F /* NetworkManager.swift */; };
		63128D6E29A757AF0044077F /* StartVM.swift in Sources */ = {isa = PBXBuildFile; fileRef = 63128D6D29A757AF0044077F /* StartVM.swift */; };
		63128D7129A7ADEE0044077F /* Box.swift in Sources */ = {isa = PBXBuildFile; fileRef = 63128D7029A7ADEE0044077F /* Box.swift */; };
		63A6492029AB583D0019E8CB /* QuizVC.swift in Sources */ = {isa = PBXBuildFile; fileRef = 63A6491F29AB583D0019E8CB /* QuizVC.swift */; };
		63A6492229AB66800019E8CB /* QuizTableViewCell.swift in Sources */ = {isa = PBXBuildFile; fileRef = 63A6492129AB66800019E8CB /* QuizTableViewCell.swift */; };
		63A6492429AB75590019E8CB /* Extensions.swift in Sources */ = {isa = PBXBuildFile; fileRef = 63A6492329AB75590019E8CB /* Extensions.swift */; };
		63A6492929AC840E0019E8CB /* NetworkManagerTests.swift in Sources */ = {isa = PBXBuildFile; fileRef = 63A6492829AC840E0019E8CB /* NetworkManagerTests.swift */; };
		63A6492B29AC86B00019E8CB /* stub.json in Resources */ = {isa = PBXBuildFile; fileRef = 63A6492A29AC86B00019E8CB /* stub.json */; };
		63A6492D29AC873A0019E8CB /* Bundle+UnitTest.swift in Sources */ = {isa = PBXBuildFile; fileRef = 63A6492C29AC873A0019E8CB /* Bundle+UnitTest.swift */; };
		63A6493029AC9C560019E8CB /* StartVMTests.swift in Sources */ = {isa = PBXBuildFile; fileRef = 63A6492F29AC9C560019E8CB /* StartVMTests.swift */; };
		63A6493229ACAC610019E8CB /* NetworkManagerMock.swift in Sources */ = {isa = PBXBuildFile; fileRef = 63A6493129ACAC610019E8CB /* NetworkManagerMock.swift */; };
/* End PBXBuildFile section */

/* Begin PBXContainerItemProxy section */
		63128D4A29A64A1A0044077F /* PBXContainerItemProxy */ = {
			isa = PBXContainerItemProxy;
			containerPortal = 63128D2B29A64A160044077F /* Project object */;
			proxyType = 1;
			remoteGlobalIDString = 63128D3229A64A160044077F;
			remoteInfo = QuizGame;
		};
		63128D5429A64A1A0044077F /* PBXContainerItemProxy */ = {
			isa = PBXContainerItemProxy;
			containerPortal = 63128D2B29A64A160044077F /* Project object */;
			proxyType = 1;
			remoteGlobalIDString = 63128D3229A64A160044077F;
			remoteInfo = QuizGame;
		};
/* End PBXContainerItemProxy section */

/* Begin PBXFileReference section */
		63128D3329A64A160044077F /* QuizGame.app */ = {isa = PBXFileReference; explicitFileType = wrapper.application; includeInIndex = 0; path = QuizGame.app; sourceTree = BUILT_PRODUCTS_DIR; };
		63128D3629A64A160044077F /* AppDelegate.swift */ = {isa = PBXFileReference; lastKnownFileType = sourcecode.swift; path = AppDelegate.swift; sourceTree = "<group>"; };
		63128D3829A64A160044077F /* SceneDelegate.swift */ = {isa = PBXFileReference; lastKnownFileType = sourcecode.swift; path = SceneDelegate.swift; sourceTree = "<group>"; };
		63128D3A29A64A160044077F /* StartVC.swift */ = {isa = PBXFileReference; lastKnownFileType = sourcecode.swift; path = StartVC.swift; sourceTree = "<group>"; };
		63128D3D29A64A160044077F /* Base */ = {isa = PBXFileReference; lastKnownFileType = file.storyboard; name = Base; path = Base.lproj/Main.storyboard; sourceTree = "<group>"; };
		63128D3F29A64A190044077F /* Assets.xcassets */ = {isa = PBXFileReference; lastKnownFileType = folder.assetcatalog; path = Assets.xcassets; sourceTree = "<group>"; };
		63128D4229A64A190044077F /* Base */ = {isa = PBXFileReference; lastKnownFileType = file.storyboard; name = Base; path = Base.lproj/LaunchScreen.storyboard; sourceTree = "<group>"; };
		63128D4429A64A190044077F /* Info.plist */ = {isa = PBXFileReference; lastKnownFileType = text.plist.xml; path = Info.plist; sourceTree = "<group>"; };
		63128D4929A64A1A0044077F /* QuizGameTests.xctest */ = {isa = PBXFileReference; explicitFileType = wrapper.cfbundle; includeInIndex = 0; path = QuizGameTests.xctest; sourceTree = BUILT_PRODUCTS_DIR; };
		63128D5329A64A1A0044077F /* QuizGameUITests.xctest */ = {isa = PBXFileReference; explicitFileType = wrapper.cfbundle; includeInIndex = 0; path = QuizGameUITests.xctest; sourceTree = BUILT_PRODUCTS_DIR; };
		63128D5729A64A1B0044077F /* QuizGameUITests.swift */ = {isa = PBXFileReference; lastKnownFileType = sourcecode.swift; path = QuizGameUITests.swift; sourceTree = "<group>"; };
		63128D5929A64A1B0044077F /* QuizGameUITestsLaunchTests.swift */ = {isa = PBXFileReference; lastKnownFileType = sourcecode.swift; path = QuizGameUITestsLaunchTests.swift; sourceTree = "<group>"; };
		63128D6729A660770044077F /* QuizModel.swift */ = {isa = PBXFileReference; lastKnownFileType = sourcecode.swift; path = QuizModel.swift; sourceTree = "<group>"; };
		63128D6929A662AC0044077F /* NetworkManager.swift */ = {isa = PBXFileReference; lastKnownFileType = sourcecode.swift; path = NetworkManager.swift; sourceTree = "<group>"; };
		63128D6D29A757AF0044077F /* StartVM.swift */ = {isa = PBXFileReference; lastKnownFileType = sourcecode.swift; path = StartVM.swift; sourceTree = "<group>"; };
		63128D7029A7ADEE0044077F /* Box.swift */ = {isa = PBXFileReference; lastKnownFileType = sourcecode.swift; path = Box.swift; sourceTree = "<group>"; };
		63A6491F29AB583D0019E8CB /* QuizVC.swift */ = {isa = PBXFileReference; lastKnownFileType = sourcecode.swift; path = QuizVC.swift; sourceTree = "<group>"; };
		63A6492129AB66800019E8CB /* QuizTableViewCell.swift */ = {isa = PBXFileReference; lastKnownFileType = sourcecode.swift; path = QuizTableViewCell.swift; sourceTree = "<group>"; };
		63A6492329AB75590019E8CB /* Extensions.swift */ = {isa = PBXFileReference; lastKnownFileType = sourcecode.swift; path = Extensions.swift; sourceTree = "<group>"; };
		63A6492829AC840E0019E8CB /* NetworkManagerTests.swift */ = {isa = PBXFileReference; lastKnownFileType = sourcecode.swift; path = NetworkManagerTests.swift; sourceTree = "<group>"; };
		63A6492A29AC86B00019E8CB /* stub.json */ = {isa = PBXFileReference; lastKnownFileType = text.json; path = stub.json; sourceTree = "<group>"; };
		63A6492C29AC873A0019E8CB /* Bundle+UnitTest.swift */ = {isa = PBXFileReference; lastKnownFileType = sourcecode.swift; path = "Bundle+UnitTest.swift"; sourceTree = "<group>"; };
		63A6492F29AC9C560019E8CB /* StartVMTests.swift */ = {isa = PBXFileReference; lastKnownFileType = sourcecode.swift; path = StartVMTests.swift; sourceTree = "<group>"; };
		63A6493129ACAC610019E8CB /* NetworkManagerMock.swift */ = {isa = PBXFileReference; lastKnownFileType = sourcecode.swift; path = NetworkManagerMock.swift; sourceTree = "<group>"; };
/* End PBXFileReference section */

/* Begin PBXFrameworksBuildPhase section */
		63128D3029A64A160044077F /* Frameworks */ = {
			isa = PBXFrameworksBuildPhase;
			buildActionMask = 2147483647;
			files = (
			);
			runOnlyForDeploymentPostprocessing = 0;
		};
		63128D4629A64A1A0044077F /* Frameworks */ = {
			isa = PBXFrameworksBuildPhase;
			buildActionMask = 2147483647;
			files = (
			);
			runOnlyForDeploymentPostprocessing = 0;
		};
		63128D5029A64A1A0044077F /* Frameworks */ = {
			isa = PBXFrameworksBuildPhase;
			buildActionMask = 2147483647;
			files = (
			);
			runOnlyForDeploymentPostprocessing = 0;
		};
/* End PBXFrameworksBuildPhase section */

/* Begin PBXGroup section */
		63128D2A29A64A160044077F = {
			isa = PBXGroup;
			children = (
				63128D3529A64A160044077F /* QuizGame */,
				63128D4C29A64A1A0044077F /* QuizGameTests */,
				63128D5629A64A1A0044077F /* QuizGameUITests */,
				63128D3429A64A160044077F /* Products */,
			);
			sourceTree = "<group>";
		};
		63128D3429A64A160044077F /* Products */ = {
			isa = PBXGroup;
			children = (
				63128D3329A64A160044077F /* QuizGame.app */,
				63128D4929A64A1A0044077F /* QuizGameTests.xctest */,
				63128D5329A64A1A0044077F /* QuizGameUITests.xctest */,
			);
			name = Products;
			sourceTree = "<group>";
		};
		63128D3529A64A160044077F /* QuizGame */ = {
			isa = PBXGroup;
			children = (
				63128D6F29A7ADCC0044077F /* Utlities */,
				63128D6C29A757780044077F /* ViewModel */,
				63128D6B29A756AC0044077F /* ViewController */,
				63128D6629A660360044077F /* Model */,
				63128D3629A64A160044077F /* AppDelegate.swift */,
				63128D3829A64A160044077F /* SceneDelegate.swift */,
				63128D3C29A64A160044077F /* Main.storyboard */,
				63128D3F29A64A190044077F /* Assets.xcassets */,
				63128D4129A64A190044077F /* LaunchScreen.storyboard */,
				63128D4429A64A190044077F /* Info.plist */,
			);
			path = QuizGame;
			sourceTree = "<group>";
		};
		63128D4C29A64A1A0044077F /* QuizGameTests */ = {
			isa = PBXGroup;
			children = (
				63A6492E29AC9C210019E8CB /* ViewModelTest */,
				63A6492529AC82EC0019E8CB /* ModelTest */,
			);
			path = QuizGameTests;
			sourceTree = "<group>";
		};
		63128D5629A64A1A0044077F /* QuizGameUITests */ = {
			isa = PBXGroup;
			children = (
				63128D5729A64A1B0044077F /* QuizGameUITests.swift */,
				63128D5929A64A1B0044077F /* QuizGameUITestsLaunchTests.swift */,
			);
			path = QuizGameUITests;
			sourceTree = "<group>";
		};
		63128D6629A660360044077F /* Model */ = {
			isa = PBXGroup;
			children = (
				63128D6729A660770044077F /* QuizModel.swift */,
				63128D6929A662AC0044077F /* NetworkManager.swift */,
			);
			name = Model;
			sourceTree = "<group>";
		};
		63128D6B29A756AC0044077F /* ViewController */ = {
			isa = PBXGroup;
			children = (
				63128D3A29A64A160044077F /* StartVC.swift */,
				63A6491F29AB583D0019E8CB /* QuizVC.swift */,
				63A6492129AB66800019E8CB /* QuizTableViewCell.swift */,
			);
			path = ViewController;
			sourceTree = "<group>";
		};
		63128D6C29A757780044077F /* ViewModel */ = {
			isa = PBXGroup;
			children = (
				63128D6D29A757AF0044077F /* StartVM.swift */,
			);
			path = ViewModel;
			sourceTree = "<group>";
		};
		63128D6F29A7ADCC0044077F /* Utlities */ = {
			isa = PBXGroup;
			children = (
				63128D7029A7ADEE0044077F /* Box.swift */,
				63A6492329AB75590019E8CB /* Extensions.swift */,
			);
			path = Utlities;
			sourceTree = "<group>";
		};
		63A6492529AC82EC0019E8CB /* ModelTest */ = {
			isa = PBXGroup;
			children = (
				63A6492829AC840E0019E8CB /* NetworkManagerTests.swift */,
				63A6492A29AC86B00019E8CB /* stub.json */,
				63A6492C29AC873A0019E8CB /* Bundle+UnitTest.swift */,
			);
			path = ModelTest;
			sourceTree = "<group>";
		};
		63A6492E29AC9C210019E8CB /* ViewModelTest */ = {
			isa = PBXGroup;
			children = (
				63A6492F29AC9C560019E8CB /* StartVMTests.swift */,
				63A6493129ACAC610019E8CB /* NetworkManagerMock.swift */,
			);
			path = ViewModelTest;
			sourceTree = "<group>";
		};
/* End PBXGroup section */

/* Begin PBXNativeTarget section */
		63128D3229A64A160044077F /* QuizGame */ = {
			isa = PBXNativeTarget;
			buildConfigurationList = 63128D5D29A64A1B0044077F /* Build configuration list for PBXNativeTarget "QuizGame" */;
			buildPhases = (
				63128D2F29A64A160044077F /* Sources */,
				63128D3029A64A160044077F /* Frameworks */,
				63128D3129A64A160044077F /* Resources */,
			);
			buildRules = (
			);
			dependencies = (
			);
			name = QuizGame;
			productName = QuizGame;
			productReference = 63128D3329A64A160044077F /* QuizGame.app */;
			productType = "com.apple.product-type.application";
		};
		63128D4829A64A1A0044077F /* QuizGameTests */ = {
			isa = PBXNativeTarget;
			buildConfigurationList = 63128D6029A64A1B0044077F /* Build configuration list for PBXNativeTarget "QuizGameTests" */;
			buildPhases = (
				63128D4529A64A1A0044077F /* Sources */,
				63128D4629A64A1A0044077F /* Frameworks */,
				63128D4729A64A1A0044077F /* Resources */,
			);
			buildRules = (
			);
			dependencies = (
				63128D4B29A64A1A0044077F /* PBXTargetDependency */,
			);
			name = QuizGameTests;
			productName = QuizGameTests;
			productReference = 63128D4929A64A1A0044077F /* QuizGameTests.xctest */;
			productType = "com.apple.product-type.bundle.unit-test";
		};
		63128D5229A64A1A0044077F /* QuizGameUITests */ = {
			isa = PBXNativeTarget;
			buildConfigurationList = 63128D6329A64A1B0044077F /* Build configuration list for PBXNativeTarget "QuizGameUITests" */;
			buildPhases = (
				63128D4F29A64A1A0044077F /* Sources */,
				63128D5029A64A1A0044077F /* Frameworks */,
				63128D5129A64A1A0044077F /* Resources */,
			);
			buildRules = (
			);
			dependencies = (
				63128D5529A64A1A0044077F /* PBXTargetDependency */,
			);
			name = QuizGameUITests;
			productName = QuizGameUITests;
			productReference = 63128D5329A64A1A0044077F /* QuizGameUITests.xctest */;
			productType = "com.apple.product-type.bundle.ui-testing";
		};
/* End PBXNativeTarget section */

/* Begin PBXProject section */
		63128D2B29A64A160044077F /* Project object */ = {
			isa = PBXProject;
			attributes = {
				BuildIndependentTargetsInParallel = 1;
				LastSwiftUpdateCheck = 1410;
				LastUpgradeCheck = 1410;
				TargetAttributes = {
					63128D3229A64A160044077F = {
						CreatedOnToolsVersion = 14.1;
					};
					63128D4829A64A1A0044077F = {
						CreatedOnToolsVersion = 14.1;
						LastSwiftMigration = 1410;
						TestTargetID = 63128D3229A64A160044077F;
					};
					63128D5229A64A1A0044077F = {
						CreatedOnToolsVersion = 14.1;
						TestTargetID = 63128D3229A64A160044077F;
					};
				};
			};
			buildConfigurationList = 63128D2E29A64A160044077F /* Build configuration list for PBXProject "QuizGame" */;
			compatibilityVersion = "Xcode 14.0";
			developmentRegion = en;
			hasScannedForEncodings = 0;
			knownRegions = (
				en,
				Base,
			);
			mainGroup = 63128D2A29A64A160044077F;
			productRefGroup = 63128D3429A64A160044077F /* Products */;
			projectDirPath = "";
			projectRoot = "";
			targets = (
				63128D3229A64A160044077F /* QuizGame */,
				63128D4829A64A1A0044077F /* QuizGameTests */,
				63128D5229A64A1A0044077F /* QuizGameUITests */,
			);
		};
/* End PBXProject section */

/* Begin PBXResourcesBuildPhase section */
		63128D3129A64A160044077F /* Resources */ = {
			isa = PBXResourcesBuildPhase;
			buildActionMask = 2147483647;
			files = (
				63128D4329A64A190044077F /* LaunchScreen.storyboard in Resources */,
				63128D4029A64A190044077F /* Assets.xcassets in Resources */,
				63128D3E29A64A160044077F /* Main.storyboard in Resources */,
			);
			runOnlyForDeploymentPostprocessing = 0;
		};
		63128D4729A64A1A0044077F /* Resources */ = {
			isa = PBXResourcesBuildPhase;
			buildActionMask = 2147483647;
			files = (
				63A6492B29AC86B00019E8CB /* stub.json in Resources */,
			);
			runOnlyForDeploymentPostprocessing = 0;
		};
		63128D5129A64A1A0044077F /* Resources */ = {
			isa = PBXResourcesBuildPhase;
			buildActionMask = 2147483647;
			files = (
			);
			runOnlyForDeploymentPostprocessing = 0;
		};
/* End PBXResourcesBuildPhase section */

/* Begin PBXSourcesBuildPhase section */
		63128D2F29A64A160044077F /* Sources */ = {
			isa = PBXSourcesBuildPhase;
			buildActionMask = 2147483647;
			files = (
				63128D6829A660770044077F /* QuizModel.swift in Sources */,
				63A6492229AB66800019E8CB /* QuizTableViewCell.swift in Sources */,
				63A6492029AB583D0019E8CB /* QuizVC.swift in Sources */,
				63128D7129A7ADEE0044077F /* Box.swift in Sources */,
				63128D3B29A64A160044077F /* StartVC.swift in Sources */,
				63A6492429AB75590019E8CB /* Extensions.swift in Sources */,
				63128D6A29A662AC0044077F /* NetworkManager.swift in Sources */,
				63128D3729A64A160044077F /* AppDelegate.swift in Sources */,
				63128D3929A64A160044077F /* SceneDelegate.swift in Sources */,
				63128D6E29A757AF0044077F /* StartVM.swift in Sources */,
			);
			runOnlyForDeploymentPostprocessing = 0;
		};
		63128D4529A64A1A0044077F /* Sources */ = {
			isa = PBXSourcesBuildPhase;
			buildActionMask = 2147483647;
			files = (
				63A6492929AC840E0019E8CB /* NetworkManagerTests.swift in Sources */,
				63A6492D29AC873A0019E8CB /* Bundle+UnitTest.swift in Sources */,
				63A6493229ACAC610019E8CB /* NetworkManagerMock.swift in Sources */,
				63A6493029AC9C560019E8CB /* StartVMTests.swift in Sources */,
			);
			runOnlyForDeploymentPostprocessing = 0;
		};
		63128D4F29A64A1A0044077F /* Sources */ = {
			isa = PBXSourcesBuildPhase;
			buildActionMask = 2147483647;
			files = (
				63128D5A29A64A1B0044077F /* QuizGameUITestsLaunchTests.swift in Sources */,
				63128D5829A64A1B0044077F /* QuizGameUITests.swift in Sources */,
			);
			runOnlyForDeploymentPostprocessing = 0;
		};
/* End PBXSourcesBuildPhase section */

/* Begin PBXTargetDependency section */
		63128D4B29A64A1A0044077F /* PBXTargetDependency */ = {
			isa = PBXTargetDependency;
			target = 63128D3229A64A160044077F /* QuizGame */;
			targetProxy = 63128D4A29A64A1A0044077F /* PBXContainerItemProxy */;
		};
		63128D5529A64A1A0044077F /* PBXTargetDependency */ = {
			isa = PBXTargetDependency;
			target = 63128D3229A64A160044077F /* QuizGame */;
			targetProxy = 63128D5429A64A1A0044077F /* PBXContainerItemProxy */;
		};
/* End PBXTargetDependency section */

/* Begin PBXVariantGroup section */
		63128D3C29A64A160044077F /* Main.storyboard */ = {
			isa = PBXVariantGroup;
			children = (
				63128D3D29A64A160044077F /* Base */,
			);
			name = Main.storyboard;
			sourceTree = "<group>";
		};
		63128D4129A64A190044077F /* LaunchScreen.storyboard */ = {
			isa = PBXVariantGroup;
			children = (
				63128D4229A64A190044077F /* Base */,
			);
			name = LaunchScreen.storyboard;
			sourceTree = "<group>";
		};
/* End PBXVariantGroup section */

/* Begin XCBuildConfiguration section */
		63128D5B29A64A1B0044077F /* Debug */ = {
			isa = XCBuildConfiguration;
			buildSettings = {
				ALWAYS_SEARCH_USER_PATHS = NO;
				CLANG_ANALYZER_NONNULL = YES;
				CLANG_ANALYZER_NUMBER_OBJECT_CONVERSION = YES_AGGRESSIVE;
				CLANG_CXX_LANGUAGE_STANDARD = "gnu++20";
				CLANG_ENABLE_MODULES = YES;
				CLANG_ENABLE_OBJC_ARC = YES;
				CLANG_ENABLE_OBJC_WEAK = YES;
				CLANG_WARN_BLOCK_CAPTURE_AUTORELEASING = YES;
				CLANG_WARN_BOOL_CONVERSION = YES;
				CLANG_WARN_COMMA = YES;
				CLANG_WARN_CONSTANT_CONVERSION = YES;
				CLANG_WARN_DEPRECATED_OBJC_IMPLEMENTATIONS = YES;
				CLANG_WARN_DIRECT_OBJC_ISA_USAGE = YES_ERROR;
				CLANG_WARN_DOCUMENTATION_COMMENTS = YES;
				CLANG_WARN_EMPTY_BODY = YES;
				CLANG_WARN_ENUM_CONVERSION = YES;
				CLANG_WARN_INFINITE_RECURSION = YES;
				CLANG_WARN_INT_CONVERSION = YES;
				CLANG_WARN_NON_LITERAL_NULL_CONVERSION = YES;
				CLANG_WARN_OBJC_IMPLICIT_RETAIN_SELF = YES;
				CLANG_WARN_OBJC_LITERAL_CONVERSION = YES;
				CLANG_WARN_OBJC_ROOT_CLASS = YES_ERROR;
				CLANG_WARN_QUOTED_INCLUDE_IN_FRAMEWORK_HEADER = YES;
				CLANG_WARN_RANGE_LOOP_ANALYSIS = YES;
				CLANG_WARN_STRICT_PROTOTYPES = YES;
				CLANG_WARN_SUSPICIOUS_MOVE = YES;
				CLANG_WARN_UNGUARDED_AVAILABILITY = YES_AGGRESSIVE;
				CLANG_WARN_UNREACHABLE_CODE = YES;
				CLANG_WARN__DUPLICATE_METHOD_MATCH = YES;
				COPY_PHASE_STRIP = NO;
				DEBUG_INFORMATION_FORMAT = dwarf;
				ENABLE_STRICT_OBJC_MSGSEND = YES;
				ENABLE_TESTABILITY = YES;
				GCC_C_LANGUAGE_STANDARD = gnu11;
				GCC_DYNAMIC_NO_PIC = NO;
				GCC_NO_COMMON_BLOCKS = YES;
				GCC_OPTIMIZATION_LEVEL = 0;
				GCC_PREPROCESSOR_DEFINITIONS = (
					"DEBUG=1",
					"$(inherited)",
				);
				GCC_WARN_64_TO_32_BIT_CONVERSION = YES;
				GCC_WARN_ABOUT_RETURN_TYPE = YES_ERROR;
				GCC_WARN_UNDECLARED_SELECTOR = YES;
				GCC_WARN_UNINITIALIZED_AUTOS = YES_AGGRESSIVE;
				GCC_WARN_UNUSED_FUNCTION = YES;
				GCC_WARN_UNUSED_VARIABLE = YES;
				IPHONEOS_DEPLOYMENT_TARGET = 16.1;
				MTL_ENABLE_DEBUG_INFO = INCLUDE_SOURCE;
				MTL_FAST_MATH = YES;
				ONLY_ACTIVE_ARCH = YES;
				SDKROOT = iphoneos;
				SWIFT_ACTIVE_COMPILATION_CONDITIONS = DEBUG;
				SWIFT_OPTIMIZATION_LEVEL = "-Onone";
			};
			name = Debug;
		};
		63128D5C29A64A1B0044077F /* Release */ = {
			isa = XCBuildConfiguration;
			buildSettings = {
				ALWAYS_SEARCH_USER_PATHS = NO;
				CLANG_ANALYZER_NONNULL = YES;
				CLANG_ANALYZER_NUMBER_OBJECT_CONVERSION = YES_AGGRESSIVE;
				CLANG_CXX_LANGUAGE_STANDARD = "gnu++20";
				CLANG_ENABLE_MODULES = YES;
				CLANG_ENABLE_OBJC_ARC = YES;
				CLANG_ENABLE_OBJC_WEAK = YES;
				CLANG_WARN_BLOCK_CAPTURE_AUTORELEASING = YES;
				CLANG_WARN_BOOL_CONVERSION = YES;
				CLANG_WARN_COMMA = YES;
				CLANG_WARN_CONSTANT_CONVERSION = YES;
				CLANG_WARN_DEPRECATED_OBJC_IMPLEMENTATIONS = YES;
				CLANG_WARN_DIRECT_OBJC_ISA_USAGE = YES_ERROR;
				CLANG_WARN_DOCUMENTATION_COMMENTS = YES;
				CLANG_WARN_EMPTY_BODY = YES;
				CLANG_WARN_ENUM_CONVERSION = YES;
				CLANG_WARN_INFINITE_RECURSION = YES;
				CLANG_WARN_INT_CONVERSION = YES;
				CLANG_WARN_NON_LITERAL_NULL_CONVERSION = YES;
				CLANG_WARN_OBJC_IMPLICIT_RETAIN_SELF = YES;
				CLANG_WARN_OBJC_LITERAL_CONVERSION = YES;
				CLANG_WARN_OBJC_ROOT_CLASS = YES_ERROR;
				CLANG_WARN_QUOTED_INCLUDE_IN_FRAMEWORK_HEADER = YES;
				CLANG_WARN_RANGE_LOOP_ANALYSIS = YES;
				CLANG_WARN_STRICT_PROTOTYPES = YES;
				CLANG_WARN_SUSPICIOUS_MOVE = YES;
				CLANG_WARN_UNGUARDED_AVAILABILITY = YES_AGGRESSIVE;
				CLANG_WARN_UNREACHABLE_CODE = YES;
				CLANG_WARN__DUPLICATE_METHOD_MATCH = YES;
				COPY_PHASE_STRIP = NO;
				DEBUG_INFORMATION_FORMAT = "dwarf-with-dsym";
				ENABLE_NS_ASSERTIONS = NO;
				ENABLE_STRICT_OBJC_MSGSEND = YES;
				GCC_C_LANGUAGE_STANDARD = gnu11;
				GCC_NO_COMMON_BLOCKS = YES;
				GCC_WARN_64_TO_32_BIT_CONVERSION = YES;
				GCC_WARN_ABOUT_RETURN_TYPE = YES_ERROR;
				GCC_WARN_UNDECLARED_SELECTOR = YES;
				GCC_WARN_UNINITIALIZED_AUTOS = YES_AGGRESSIVE;
				GCC_WARN_UNUSED_FUNCTION = YES;
				GCC_WARN_UNUSED_VARIABLE = YES;
				IPHONEOS_DEPLOYMENT_TARGET = 16.1;
				MTL_ENABLE_DEBUG_INFO = NO;
				MTL_FAST_MATH = YES;
				SDKROOT = iphoneos;
				SWIFT_COMPILATION_MODE = wholemodule;
				SWIFT_OPTIMIZATION_LEVEL = "-O";
				VALIDATE_PRODUCT = YES;
			};
			name = Release;
		};
		63128D5E29A64A1B0044077F /* Debug */ = {
			isa = XCBuildConfiguration;
			buildSettings = {
				ASSETCATALOG_COMPILER_APPICON_NAME = AppIcon;
				ASSETCATALOG_COMPILER_GLOBAL_ACCENT_COLOR_NAME = AccentColor;
				CODE_SIGN_STYLE = Automatic;
				CURRENT_PROJECT_VERSION = 1;
				DEVELOPMENT_TEAM = 6A2C5Q2FLU;
				GENERATE_INFOPLIST_FILE = YES;
				INFOPLIST_FILE = QuizGame/Info.plist;
				INFOPLIST_KEY_UIApplicationSupportsIndirectInputEvents = YES;
				INFOPLIST_KEY_UILaunchStoryboardName = LaunchScreen;
				INFOPLIST_KEY_UIMainStoryboardFile = Main;
				INFOPLIST_KEY_UISupportedInterfaceOrientations_iPad = "UIInterfaceOrientationPortrait UIInterfaceOrientationPortraitUpsideDown UIInterfaceOrientationLandscapeLeft UIInterfaceOrientationLandscapeRight";
				INFOPLIST_KEY_UISupportedInterfaceOrientations_iPhone = "UIInterfaceOrientationPortrait UIInterfaceOrientationLandscapeLeft UIInterfaceOrientationLandscapeRight";
				LD_RUNPATH_SEARCH_PATHS = (
					"$(inherited)",
					"@executable_path/Frameworks",
				);
				MARKETING_VERSION = 1.0;
				PRODUCT_BUNDLE_IDENTIFIER = com.Amany.shady.QuizGame;
				PRODUCT_NAME = "$(TARGET_NAME)";
				SUPPORTED_PLATFORMS = "iphoneos iphonesimulator";
				SUPPORTS_MACCATALYST = NO;
				SUPPORTS_MAC_DESIGNED_FOR_IPHONE_IPAD = NO;
				SWIFT_EMIT_LOC_STRINGS = YES;
				SWIFT_VERSION = 5.0;
				TARGETED_DEVICE_FAMILY = 1;
			};
			name = Debug;
		};
		63128D5F29A64A1B0044077F /* Release */ = {
			isa = XCBuildConfiguration;
			buildSettings = {
				ASSETCATALOG_COMPILER_APPICON_NAME = AppIcon;
				ASSETCATALOG_COMPILER_GLOBAL_ACCENT_COLOR_NAME = AccentColor;
				CODE_SIGN_STYLE = Automatic;
				CURRENT_PROJECT_VERSION = 1;
				DEVELOPMENT_TEAM = 6A2C5Q2FLU;
				GENERATE_INFOPLIST_FILE = YES;
				INFOPLIST_FILE = QuizGame/Info.plist;
				INFOPLIST_KEY_UIApplicationSupportsIndirectInputEvents = YES;
				INFOPLIST_KEY_UILaunchStoryboardName = LaunchScreen;
				INFOPLIST_KEY_UIMainStoryboardFile = Main;
				INFOPLIST_KEY_UISupportedInterfaceOrientations_iPad = "UIInterfaceOrientationPortrait UIInterfaceOrientationPortraitUpsideDown UIInterfaceOrientationLandscapeLeft UIInterfaceOrientationLandscapeRight";
				INFOPLIST_KEY_UISupportedInterfaceOrientations_iPhone = "UIInterfaceOrientationPortrait UIInterfaceOrientationLandscapeLeft UIInterfaceOrientationLandscapeRight";
				LD_RUNPATH_SEARCH_PATHS = (
					"$(inherited)",
					"@executable_path/Frameworks",
				);
				MARKETING_VERSION = 1.0;
				PRODUCT_BUNDLE_IDENTIFIER = com.Amany.shady.QuizGame;
				PRODUCT_NAME = "$(TARGET_NAME)";
				SUPPORTED_PLATFORMS = "iphoneos iphonesimulator";
				SUPPORTS_MACCATALYST = NO;
				SUPPORTS_MAC_DESIGNED_FOR_IPHONE_IPAD = NO;
				SWIFT_EMIT_LOC_STRINGS = YES;
				SWIFT_VERSION = 5.0;
				TARGETED_DEVICE_FAMILY = 1;
			};
			name = Release;
		};
		63128D6129A64A1B0044077F /* Debug */ = {
			isa = XCBuildConfiguration;
			buildSettings = {
				ALWAYS_EMBED_SWIFT_STANDARD_LIBRARIES = YES;
				BUNDLE_LOADER = "$(TEST_HOST)";
				CLANG_ENABLE_MODULES = YES;
				CODE_SIGN_STYLE = Automatic;
				CURRENT_PROJECT_VERSION = 1;
				DEVELOPMENT_TEAM = 6A2C5Q2FLU;
				GENERATE_INFOPLIST_FILE = YES;
				IPHONEOS_DEPLOYMENT_TARGET = 16.1;
				LD_RUNPATH_SEARCH_PATHS = (
					"$(inherited)",
					"@executable_path/Frameworks",
					"@loader_path/Frameworks",
				);
				MARKETING_VERSION = 1.0;
				PRODUCT_BUNDLE_IDENTIFIER = com.Amany.shady.QuizGameTests;
				PRODUCT_NAME = "$(TARGET_NAME)";
				SWIFT_EMIT_LOC_STRINGS = NO;
				SWIFT_OPTIMIZATION_LEVEL = "-Onone";
				SWIFT_VERSION = 5.0;
				TARGETED_DEVICE_FAMILY = "1,2";
				TEST_HOST = "$(BUILT_PRODUCTS_DIR)/QuizGame.app/$(BUNDLE_EXECUTABLE_FOLDER_PATH)/QuizGame";
			};
			name = Debug;
		};
		63128D6229A64A1B0044077F /* Release */ = {
			isa = XCBuildConfiguration;
			buildSettings = {
				ALWAYS_EMBED_SWIFT_STANDARD_LIBRARIES = YES;
				BUNDLE_LOADER = "$(TEST_HOST)";
				CLANG_ENABLE_MODULES = YES;
				CODE_SIGN_STYLE = Automatic;
				CURRENT_PROJECT_VERSION = 1;
				DEVELOPMENT_TEAM = 6A2C5Q2FLU;
				GENERATE_INFOPLIST_FILE = YES;
				IPHONEOS_DEPLOYMENT_TARGET = 16.1;
				LD_RUNPATH_SEARCH_PATHS = (
					"$(inherited)",
					"@executable_path/Frameworks",
					"@loader_path/Frameworks",
				);
				MARKETING_VERSION = 1.0;
				PRODUCT_BUNDLE_IDENTIFIER = com.Amany.shady.QuizGameTests;
				PRODUCT_NAME = "$(TARGET_NAME)";
				SWIFT_EMIT_LOC_STRINGS = NO;
				SWIFT_VERSION = 5.0;
				TARGETED_DEVICE_FAMILY = "1,2";
				TEST_HOST = "$(BUILT_PRODUCTS_DIR)/QuizGame.app/$(BUNDLE_EXECUTABLE_FOLDER_PATH)/QuizGame";
			};
			name = Release;
		};
		63128D6429A64A1B0044077F /* Debug */ = {
			isa = XCBuildConfiguration;
			buildSettings = {
				ALWAYS_EMBED_SWIFT_STANDARD_LIBRARIES = YES;
				CODE_SIGN_STYLE = Automatic;
				CURRENT_PROJECT_VERSION = 1;
				DEVELOPMENT_TEAM = 6A2C5Q2FLU;
				GENERATE_INFOPLIST_FILE = YES;
				MARKETING_VERSION = 1.0;
				PRODUCT_BUNDLE_IDENTIFIER = com.Amany.shady.QuizGameUITests;
				PRODUCT_NAME = "$(TARGET_NAME)";
				SWIFT_EMIT_LOC_STRINGS = NO;
				SWIFT_VERSION = 5.0;
				TARGETED_DEVICE_FAMILY = "1,2";
				TEST_TARGET_NAME = QuizGame;
			};
			name = Debug;
		};
		63128D6529A64A1B0044077F /* Release */ = {
			isa = XCBuildConfiguration;
			buildSettings = {
				ALWAYS_EMBED_SWIFT_STANDARD_LIBRARIES = YES;
				CODE_SIGN_STYLE = Automatic;
				CURRENT_PROJECT_VERSION = 1;
				DEVELOPMENT_TEAM = 6A2C5Q2FLU;
				GENERATE_INFOPLIST_FILE = YES;
				MARKETING_VERSION = 1.0;
				PRODUCT_BUNDLE_IDENTIFIER = com.Amany.shady.QuizGameUITests;
				PRODUCT_NAME = "$(TARGET_NAME)";
				SWIFT_EMIT_LOC_STRINGS = NO;
				SWIFT_VERSION = 5.0;
				TARGETED_DEVICE_FAMILY = "1,2";
				TEST_TARGET_NAME = QuizGame;
			};
			name = Release;
		};
/* End XCBuildConfiguration section */

/* Begin XCConfigurationList section */
		63128D2E29A64A160044077F /* Build configuration list for PBXProject "QuizGame" */ = {
			isa = XCConfigurationList;
			buildConfigurations = (
				63128D5B29A64A1B0044077F /* Debug */,
				63128D5C29A64A1B0044077F /* Release */,
			);
			defaultConfigurationIsVisible = 0;
			defaultConfigurationName = Release;
		};
		63128D5D29A64A1B0044077F /* Build configuration list for PBXNativeTarget "QuizGame" */ = {
			isa = XCConfigurationList;
			buildConfigurations = (
				63128D5E29A64A1B0044077F /* Debug */,
				63128D5F29A64A1B0044077F /* Release */,
			);
			defaultConfigurationIsVisible = 0;
			defaultConfigurationName = Release;
		};
		63128D6029A64A1B0044077F /* Build configuration list for PBXNativeTarget "QuizGameTests" */ = {
			isa = XCConfigurationList;
			buildConfigurations = (
				63128D6129A64A1B0044077F /* Debug */,
				63128D6229A64A1B0044077F /* Release */,
			);
			defaultConfigurationIsVisible = 0;
			defaultConfigurationName = Release;
		};
		63128D6329A64A1B0044077F /* Build configuration list for PBXNativeTarget "QuizGameUITests" */ = {
			isa = XCConfigurationList;
			buildConfigurations = (
				63128D6429A64A1B0044077F /* Debug */,
				63128D6529A64A1B0044077F /* Release */,
			);
			defaultConfigurationIsVisible = 0;
			defaultConfigurationName = Release;
		};
/* End XCConfigurationList section */
	};
	rootObject = 63128D2B29A64A160044077F /* Project object */;
}
